// !$*UTF8*$!
{
	archiveVersion = 1;
	classes = {
	};
	objectVersion = 77;
	objects = {

/* Begin PBXContainerItemProxy section */
		EED5BF082DEC17830085CCEF /* PBXContainerItemProxy */ = {
			isa = PBXContainerItemProxy;
			containerPortal = EED5BEF22DEC17820085CCEF /* Project object */;
			proxyType = 1;
			remoteGlobalIDString = EED5BEF92DEC17820085CCEF;
			remoteInfo = Tune;
		};
		EED5BF122DEC17830085CCEF /* PBXContainerItemProxy */ = {
			isa = PBXContainerItemProxy;
			containerPortal = EED5BEF22DEC17820085CCEF /* Project object */;
			proxyType = 1;
			remoteGlobalIDString = EED5BEF92DEC17820085CCEF;
			remoteInfo = Tune;
		};
/* End PBXContainerItemProxy section */

/* Begin PBXFileReference section */
		EED5BEFA2DEC17820085CCEF /* Tune.app */ = {isa = PBXFileReference; explicitFileType = wrapper.application; includeInIndex = 0; path = Tune.app; sourceTree = BUILT_PRODUCTS_DIR; };
		EED5BF072DEC17830085CCEF /* TuneTests.xctest */ = {isa = PBXFileReference; explicitFileType = wrapper.cfbundle; includeInIndex = 0; path = TuneTests.xctest; sourceTree = BUILT_PRODUCTS_DIR; };
		EED5BF112DEC17830085CCEF /* TuneUITests.xctest */ = {isa = PBXFileReference; explicitFileType = wrapper.cfbundle; includeInIndex = 0; path = TuneUITests.xctest; sourceTree = BUILT_PRODUCTS_DIR; };
/* End PBXFileReference section */

/* Begin PBXFileSystemSynchronizedRootGroup section */
		EED5BEFC2DEC17820085CCEF /* Tune */ = {
			isa = PBXFileSystemSynchronizedRootGroup;
			path = Tune;
			sourceTree = "<group>";
		};
		EED5BF0A2DEC17830085CCEF /* TuneTests */ = {
			isa = PBXFileSystemSynchronizedRootGroup;
			path = TuneTests;
			sourceTree = "<group>";
		};
		EED5BF142DEC17830085CCEF /* TuneUITests */ = {
			isa = PBXFileSystemSynchronizedRootGroup;
			path = TuneUITests;
			sourceTree = "<group>";
		};
/* End PBXFileSystemSynchronizedRootGroup section */

/* Begin PBXFrameworksBuildPhase section */
		EED5BEF72DEC17820085CCEF /* Frameworks */ = {
			isa = PBXFrameworksBuildPhase;
			buildActionMask = 2147483647;
			files = (
			);
			runOnlyForDeploymentPostprocessing = 0;
		};
		EED5BF042DEC17830085CCEF /* Frameworks */ = {
			isa = PBXFrameworksBuildPhase;
			buildActionMask = 2147483647;
			files = (
			);
			runOnlyForDeploymentPostprocessing = 0;
		};
		EED5BF0E2DEC17830085CCEF /* Frameworks */ = {
			isa = PBXFrameworksBuildPhase;
			buildActionMask = 2147483647;
			files = (
			);
			runOnlyForDeploymentPostprocessing = 0;
		};
/* End PBXFrameworksBuildPhase section */

/* Begin PBXGroup section */
		EED5BEF12DEC17820085CCEF = {
			isa = PBXGroup;
			children = (
				EED5BEFC2DEC17820085CCEF /* Tune */,
				EED5BF0A2DEC17830085CCEF /* TuneTests */,
				EED5BF142DEC17830085CCEF /* TuneUITests */,
				EED5BEFB2DEC17820085CCEF /* Products */,
			);
			sourceTree = "<group>";
		};
		EED5BEFB2DEC17820085CCEF /* Products */ = {
			isa = PBXGroup;
			children = (
				EED5BEFA2DEC17820085CCEF /* Tune.app */,
				EED5BF072DEC17830085CCEF /* TuneTests.xctest */,
				EED5BF112DEC17830085CCEF /* TuneUITests.xctest */,
			);
			name = Products;
			sourceTree = "<group>";
		};
/* End PBXGroup section */

/* Begin PBXNativeTarget section */
		EED5BEF92DEC17820085CCEF /* Tune */ = {
			isa = PBXNativeTarget;
			buildConfigurationList = EED5BF1B2DEC17830085CCEF /* Build configuration list for PBXNativeTarget "Tune" */;
			buildPhases = (
				EED5BEF62DEC17820085CCEF /* Sources */,
				EED5BEF72DEC17820085CCEF /* Frameworks */,
				EED5BEF82DEC17820085CCEF /* Resources */,
			);
			buildRules = (
			);
			dependencies = (
			);
			fileSystemSynchronizedGroups = (
				EED5BEFC2DEC17820085CCEF /* Tune */,
			);
			name = Tune;
			packageProductDependencies = (
			);
			productName = Tune;
			productReference = EED5BEFA2DEC17820085CCEF /* Tune.app */;
			productType = "com.apple.product-type.application";
		};
		EED5BF062DEC17830085CCEF /* TuneTests */ = {
			isa = PBXNativeTarget;
			buildConfigurationList = EED5BF1E2DEC17830085CCEF /* Build configuration list for PBXNativeTarget "TuneTests" */;
			buildPhases = (
				EED5BF032DEC17830085CCEF /* Sources */,
				EED5BF042DEC17830085CCEF /* Frameworks */,
				EED5BF052DEC17830085CCEF /* Resources */,
			);
			buildRules = (
			);
			dependencies = (
				EED5BF092DEC17830085CCEF /* PBXTargetDependency */,
			);
			fileSystemSynchronizedGroups = (
				EED5BF0A2DEC17830085CCEF /* TuneTests */,
			);
			name = TuneTests;
			packageProductDependencies = (
			);
			productName = TuneTests;
			productReference = EED5BF072DEC17830085CCEF /* TuneTests.xctest */;
			productType = "com.apple.product-type.bundle.unit-test";
		};
		EED5BF102DEC17830085CCEF /* TuneUITests */ = {
			isa = PBXNativeTarget;
			buildConfigurationList = EED5BF212DEC17830085CCEF /* Build configuration list for PBXNativeTarget "TuneUITests" */;
			buildPhases = (
				EED5BF0D2DEC17830085CCEF /* Sources */,
				EED5BF0E2DEC17830085CCEF /* Frameworks */,
				EED5BF0F2DEC17830085CCEF /* Resources */,
			);
			buildRules = (
			);
			dependencies = (
				EED5BF132DEC17830085CCEF /* PBXTargetDependency */,
			);
			fileSystemSynchronizedGroups = (
				EED5BF142DEC17830085CCEF /* TuneUITests */,
			);
			name = TuneUITests;
			packageProductDependencies = (
			);
			productName = TuneUITests;
			productReference = EED5BF112DEC17830085CCEF /* TuneUITests.xctest */;
			productType = "com.apple.product-type.bundle.ui-testing";
		};
/* End PBXNativeTarget section */

/* Begin PBXProject section */
		EED5BEF22DEC17820085CCEF /* Project object */ = {
			isa = PBXProject;
			attributes = {
				BuildIndependentTargetsInParallel = 1;
				LastSwiftUpdateCheck = 1640;
				LastUpgradeCheck = 1640;
				TargetAttributes = {
					EED5BEF92DEC17820085CCEF = {
						CreatedOnToolsVersion = 16.4;
					};
					EED5BF062DEC17830085CCEF = {
						CreatedOnToolsVersion = 16.4;
						TestTargetID = EED5BEF92DEC17820085CCEF;
					};
					EED5BF102DEC17830085CCEF = {
						CreatedOnToolsVersion = 16.4;
						TestTargetID = EED5BEF92DEC17820085CCEF;
					};
				};
			};
			buildConfigurationList = EED5BEF52DEC17820085CCEF /* Build configuration list for PBXProject "Tune" */;
			developmentRegion = en;
			hasScannedForEncodings = 0;
			knownRegions = (
				en,
				Base,
			);
			mainGroup = EED5BEF12DEC17820085CCEF;
			minimizedProjectReferenceProxies = 1;
			preferredProjectObjectVersion = 77;
			productRefGroup = EED5BEFB2DEC17820085CCEF /* Products */;
			projectDirPath = "";
			projectRoot = "";
			targets = (
				EED5BEF92DEC17820085CCEF /* Tune */,
				EED5BF062DEC17830085CCEF /* TuneTests */,
				EED5BF102DEC17830085CCEF /* TuneUITests */,
			);
		};
/* End PBXProject section */

/* Begin PBXResourcesBuildPhase section */
		EED5BEF82DEC17820085CCEF /* Resources */ = {
			isa = PBXResourcesBuildPhase;
			buildActionMask = 2147483647;
			files = (
			);
			runOnlyForDeploymentPostprocessing = 0;
		};
		EED5BF052DEC17830085CCEF /* Resources */ = {
			isa = PBXResourcesBuildPhase;
			buildActionMask = 2147483647;
			files = (
			);
			runOnlyForDeploymentPostprocessing = 0;
		};
		EED5BF0F2DEC17830085CCEF /* Resources */ = {
			isa = PBXResourcesBuildPhase;
			buildActionMask = 2147483647;
			files = (
			);
			runOnlyForDeploymentPostprocessing = 0;
		};
/* End PBXResourcesBuildPhase section */

/* Begin PBXSourcesBuildPhase section */
		EED5BEF62DEC17820085CCEF /* Sources */ = {
			isa = PBXSourcesBuildPhase;
			buildActionMask = 2147483647;
			files = (
			);
			runOnlyForDeploymentPostprocessing = 0;
		};
		EED5BF032DEC17830085CCEF /* Sources */ = {
			isa = PBXSourcesBuildPhase;
			buildActionMask = 2147483647;
			files = (
			);
			runOnlyForDeploymentPostprocessing = 0;
		};
		EED5BF0D2DEC17830085CCEF /* Sources */ = {
			isa = PBXSourcesBuildPhase;
			buildActionMask = 2147483647;
			files = (
			);
			runOnlyForDeploymentPostprocessing = 0;
		};
/* End PBXSourcesBuildPhase section */

/* Begin PBXTargetDependency section */
		EED5BF092DEC17830085CCEF /* PBXTargetDependency */ = {
			isa = PBXTargetDependency;
			target = EED5BEF92DEC17820085CCEF /* Tune */;
			targetProxy = EED5BF082DEC17830085CCEF /* PBXContainerItemProxy */;
		};
		EED5BF132DEC17830085CCEF /* PBXTargetDependency */ = {
			isa = PBXTargetDependency;
			target = EED5BEF92DEC17820085CCEF /* Tune */;
			targetProxy = EED5BF122DEC17830085CCEF /* PBXContainerItemProxy */;
		};
/* End PBXTargetDependency section */

/* Begin XCBuildConfiguration section */
		EED5BF192DEC17830085CCEF /* Debug */ = {
			isa = XCBuildConfiguration;
			buildSettings = {
				ALWAYS_SEARCH_USER_PATHS = NO;
				ASSETCATALOG_COMPILER_GENERATE_SWIFT_ASSET_SYMBOL_EXTENSIONS = YES;
				CLANG_ANALYZER_NONNULL = YES;
				CLANG_ANALYZER_NUMBER_OBJECT_CONVERSION = YES_AGGRESSIVE;
				CLANG_CXX_LANGUAGE_STANDARD = "gnu++20";
				CLANG_ENABLE_MODULES = YES;
				CLANG_ENABLE_OBJC_ARC = YES;
				CLANG_ENABLE_OBJC_WEAK = YES;
				CLANG_WARN_BLOCK_CAPTURE_AUTORELEASING = YES;
				CLANG_WARN_BOOL_CONVERSION = YES;
				CLANG_WARN_COMMA = YES;
				CLANG_WARN_CONSTANT_CONVERSION = YES;
				CLANG_WARN_DEPRECATED_OBJC_IMPLEMENTATIONS = YES;
				CLANG_WARN_DIRECT_OBJC_ISA_USAGE = YES_ERROR;
				CLANG_WARN_DOCUMENTATION_COMMENTS = YES;
				CLANG_WARN_EMPTY_BODY = YES;
				CLANG_WARN_ENUM_CONVERSION = YES;
				CLANG_WARN_INFINITE_RECURSION = YES;
				CLANG_WARN_INT_CONVERSION = YES;
				CLANG_WARN_NON_LITERAL_NULL_CONVERSION = YES;
				CLANG_WARN_OBJC_IMPLICIT_RETAIN_SELF = YES;
				CLANG_WARN_OBJC_LITERAL_CONVERSION = YES;
				CLANG_WARN_OBJC_ROOT_CLASS = YES_ERROR;
				CLANG_WARN_QUOTED_INCLUDE_IN_FRAMEWORK_HEADER = YES;
				CLANG_WARN_RANGE_LOOP_ANALYSIS = YES;
				CLANG_WARN_STRICT_PROTOTYPES = YES;
				CLANG_WARN_SUSPICIOUS_MOVE = YES;
				CLANG_WARN_UNGUARDED_AVAILABILITY = YES_AGGRESSIVE;
				CLANG_WARN_UNREACHABLE_CODE = YES;
				CLANG_WARN__DUPLICATE_METHOD_MATCH = YES;
				COPY_PHASE_STRIP = NO;
				DEBUG_INFORMATION_FORMAT = dwarf;
				ENABLE_STRICT_OBJC_MSGSEND = YES;
				ENABLE_TESTABILITY = YES;
				ENABLE_USER_SCRIPT_SANDBOXING = YES;
				GCC_C_LANGUAGE_STANDARD = gnu17;
				GCC_DYNAMIC_NO_PIC = NO;
				GCC_NO_COMMON_BLOCKS = YES;
				GCC_OPTIMIZATION_LEVEL = 0;
				GCC_PREPROCESSOR_DEFINITIONS = (
					"DEBUG=1",
					"$(inherited)",
				);
				GCC_WARN_64_TO_32_BIT_CONVERSION = YES;
				GCC_WARN_ABOUT_RETURN_TYPE = YES_ERROR;
				GCC_WARN_UNDECLARED_SELECTOR = YES;
				GCC_WARN_UNINITIALIZED_AUTOS = YES_AGGRESSIVE;
				GCC_WARN_UNUSED_FUNCTION = YES;
				GCC_WARN_UNUSED_VARIABLE = YES;
				IPHONEOS_DEPLOYMENT_TARGET = 18.5;
				LOCALIZATION_PREFERS_STRING_CATALOGS = YES;
				MTL_ENABLE_DEBUG_INFO = INCLUDE_SOURCE;
				MTL_FAST_MATH = YES;
				ONLY_ACTIVE_ARCH = YES;
				SDKROOT = iphoneos;
				SWIFT_ACTIVE_COMPILATION_CONDITIONS = "DEBUG $(inherited)";
				SWIFT_OPTIMIZATION_LEVEL = "-Onone";
			};
			name = Debug;
		};
		EED5BF1A2DEC17830085CCEF /* Release */ = {
			isa = XCBuildConfiguration;
			buildSettings = {
				ALWAYS_SEARCH_USER_PATHS = NO;
				ASSETCATALOG_COMPILER_GENERATE_SWIFT_ASSET_SYMBOL_EXTENSIONS = YES;
				CLANG_ANALYZER_NONNULL = YES;
				CLANG_ANALYZER_NUMBER_OBJECT_CONVERSION = YES_AGGRESSIVE;
				CLANG_CXX_LANGUAGE_STANDARD = "gnu++20";
				CLANG_ENABLE_MODULES = YES;
				CLANG_ENABLE_OBJC_ARC = YES;
				CLANG_ENABLE_OBJC_WEAK = YES;
				CLANG_WARN_BLOCK_CAPTURE_AUTORELEASING = YES;
				CLANG_WARN_BOOL_CONVERSION = YES;
				CLANG_WARN_COMMA = YES;
				CLANG_WARN_CONSTANT_CONVERSION = YES;
				CLANG_WARN_DEPRECATED_OBJC_IMPLEMENTATIONS = YES;
				CLANG_WARN_DIRECT_OBJC_ISA_USAGE = YES_ERROR;
				CLANG_WARN_DOCUMENTATION_COMMENTS = YES;
				CLANG_WARN_EMPTY_BODY = YES;
				CLANG_WARN_ENUM_CONVERSION = YES;
				CLANG_WARN_INFINITE_RECURSION = YES;
				CLANG_WARN_INT_CONVERSION = YES;
				CLANG_WARN_NON_LITERAL_NULL_CONVERSION = YES;
				CLANG_WARN_OBJC_IMPLICIT_RETAIN_SELF = YES;
				CLANG_WARN_OBJC_LITERAL_CONVERSION = YES;
				CLANG_WARN_OBJC_ROOT_CLASS = YES_ERROR;
				CLANG_WARN_QUOTED_INCLUDE_IN_FRAMEWORK_HEADER = YES;
				CLANG_WARN_RANGE_LOOP_ANALYSIS = YES;
				CLANG_WARN_STRICT_PROTOTYPES = YES;
				CLANG_WARN_SUSPICIOUS_MOVE = YES;
				CLANG_WARN_UNGUARDED_AVAILABILITY = YES_AGGRESSIVE;
				CLANG_WARN_UNREACHABLE_CODE = YES;
				CLANG_WARN__DUPLICATE_METHOD_MATCH = YES;
				COPY_PHASE_STRIP = NO;
				DEBUG_INFORMATION_FORMAT = "dwarf-with-dsym";
				ENABLE_NS_ASSERTIONS = NO;
				ENABLE_STRICT_OBJC_MSGSEND = YES;
				ENABLE_USER_SCRIPT_SANDBOXING = YES;
				GCC_C_LANGUAGE_STANDARD = gnu17;
				GCC_NO_COMMON_BLOCKS = YES;
				GCC_WARN_64_TO_32_BIT_CONVERSION = YES;
				GCC_WARN_ABOUT_RETURN_TYPE = YES_ERROR;
				GCC_WARN_UNDECLARED_SELECTOR = YES;
				GCC_WARN_UNINITIALIZED_AUTOS = YES_AGGRESSIVE;
				GCC_WARN_UNUSED_FUNCTION = YES;
				GCC_WARN_UNUSED_VARIABLE = YES;
				IPHONEOS_DEPLOYMENT_TARGET = 18.5;
				LOCALIZATION_PREFERS_STRING_CATALOGS = YES;
				MTL_ENABLE_DEBUG_INFO = NO;
				MTL_FAST_MATH = YES;
				SDKROOT = iphoneos;
				SWIFT_COMPILATION_MODE = wholemodule;
				VALIDATE_PRODUCT = YES;
			};
			name = Release;
		};
		EED5BF1C2DEC17830085CCEF /* Debug */ = {
			isa = XCBuildConfiguration;
			buildSettings = {
				ASSETCATALOG_COMPILER_APPICON_NAME = AppIcon;
				ASSETCATALOG_COMPILER_GLOBAL_ACCENT_COLOR_NAME = AccentColor;
				CODE_SIGN_STYLE = Automatic;
				CURRENT_PROJECT_VERSION = 1;
				ENABLE_PREVIEWS = YES;
				GENERATE_INFOPLIST_FILE = YES;
				INFOPLIST_KEY_UIApplicationSceneManifest_Generation = YES;
				INFOPLIST_KEY_UIApplicationSupportsIndirectInputEvents = YES;
				INFOPLIST_KEY_UILaunchScreen_Generation = YES;
				INFOPLIST_KEY_UISupportedInterfaceOrientations_iPad = "UIInterfaceOrientationPortrait UIInterfaceOrientationPortraitUpsideDown UIInterfaceOrientationLandscapeLeft UIInterfaceOrientationLandscapeRight";
				INFOPLIST_KEY_UISupportedInterfaceOrientations_iPhone = "UIInterfaceOrientationPortrait UIInterfaceOrientationLandscapeLeft UIInterfaceOrientationLandscapeRight";
				LD_RUNPATH_SEARCH_PATHS = (
					"$(inherited)",
					"@executable_path/Frameworks",
				);
				MARKETING_VERSION = 1.0;
				PRODUCT_BUNDLE_IDENTIFIER = name.dex.Tune;
				PRODUCT_NAME = "$(TARGET_NAME)";
				SWIFT_EMIT_LOC_STRINGS = YES;
				SWIFT_VERSION = 5.0;
				TARGETED_DEVICE_FAMILY = "1,2";
			};
			name = Debug;
		};
		EED5BF1D2DEC17830085CCEF /* Release */ = {
			isa = XCBuildConfiguration;
			buildSettings = {
				ASSETCATALOG_COMPILER_APPICON_NAME = AppIcon;
				ASSETCATALOG_COMPILER_GLOBAL_ACCENT_COLOR_NAME = AccentColor;
				CODE_SIGN_STYLE = Automatic;
				CURRENT_PROJECT_VERSION = 1;
				ENABLE_PREVIEWS = YES;
				GENERATE_INFOPLIST_FILE = YES;
				INFOPLIST_KEY_UIApplicationSceneManifest_Generation = YES;
				INFOPLIST_KEY_UIApplicationSupportsIndirectInputEvents = YES;
				INFOPLIST_KEY_UILaunchScreen_Generation = YES;
				INFOPLIST_KEY_UISupportedInterfaceOrientations_iPad = "UIInterfaceOrientationPortrait UIInterfaceOrientationPortraitUpsideDown UIInterfaceOrientationLandscapeLeft UIInterfaceOrientationLandscapeRight";
				INFOPLIST_KEY_UISupportedInterfaceOrientations_iPhone = "UIInterfaceOrientationPortrait UIInterfaceOrientationLandscapeLeft UIInterfaceOrientationLandscapeRight";
				LD_RUNPATH_SEARCH_PATHS = (
					"$(inherited)",
					"@executable_path/Frameworks",
				);
				MARKETING_VERSION = 1.0;
				PRODUCT_BUNDLE_IDENTIFIER = name.dex.Tune;
				PRODUCT_NAME = "$(TARGET_NAME)";
				SWIFT_EMIT_LOC_STRINGS = YES;
				SWIFT_VERSION = 5.0;
				TARGETED_DEVICE_FAMILY = "1,2";
			};
			name = Release;
		};
		EED5BF1F2DEC17830085CCEF /* Debug */ = {
			isa = XCBuildConfiguration;
			buildSettings = {
				BUNDLE_LOADER = "$(TEST_HOST)";
				CODE_SIGN_STYLE = Automatic;
				CURRENT_PROJECT_VERSION = 1;
				GENERATE_INFOPLIST_FILE = YES;
				IPHONEOS_DEPLOYMENT_TARGET = 18.5;
				MARKETING_VERSION = 1.0;
				PRODUCT_BUNDLE_IDENTIFIER = name.dex.TuneTests;
				PRODUCT_NAME = "$(TARGET_NAME)";
				SWIFT_EMIT_LOC_STRINGS = NO;
				SWIFT_VERSION = 5.0;
				TARGETED_DEVICE_FAMILY = "1,2";
				TEST_HOST = "$(BUILT_PRODUCTS_DIR)/Tune.app/$(BUNDLE_EXECUTABLE_FOLDER_PATH)/Tune";
			};
			name = Debug;
		};
		EED5BF202DEC17830085CCEF /* Release */ = {
			isa = XCBuildConfiguration;
			buildSettings = {
				BUNDLE_LOADER = "$(TEST_HOST)";
				CODE_SIGN_STYLE = Automatic;
				CURRENT_PROJECT_VERSION = 1;
				GENERATE_INFOPLIST_FILE = YES;
				IPHONEOS_DEPLOYMENT_TARGET = 18.5;
				MARKETING_VERSION = 1.0;
				PRODUCT_BUNDLE_IDENTIFIER = name.dex.TuneTests;
				PRODUCT_NAME = "$(TARGET_NAME)";
				SWIFT_EMIT_LOC_STRINGS = NO;
				SWIFT_VERSION = 5.0;
				TARGETED_DEVICE_FAMILY = "1,2";
				TEST_HOST = "$(BUILT_PRODUCTS_DIR)/Tune.app/$(BUNDLE_EXECUTABLE_FOLDER_PATH)/Tune";
			};
			name = Release;
		};
		EED5BF222DEC17830085CCEF /* Debug */ = {
			isa = XCBuildConfiguration;
			buildSettings = {
				CODE_SIGN_STYLE = Automatic;
				CURRENT_PROJECT_VERSION = 1;
				GENERATE_INFOPLIST_FILE = YES;
				MARKETING_VERSION = 1.0;
				PRODUCT_BUNDLE_IDENTIFIER = name.dex.TuneUITests;
				PRODUCT_NAME = "$(TARGET_NAME)";
				SWIFT_EMIT_LOC_STRINGS = NO;
				SWIFT_VERSION = 5.0;
				TARGETED_DEVICE_FAMILY = "1,2";
				TEST_TARGET_NAME = Tune;
			};
			name = Debug;
		};
		EED5BF232DEC17830085CCEF /* Release */ = {
			isa = XCBuildConfiguration;
			buildSettings = {
				CODE_SIGN_STYLE = Automatic;
				CURRENT_PROJECT_VERSION = 1;
				GENERATE_INFOPLIST_FILE = YES;
				MARKETING_VERSION = 1.0;
				PRODUCT_BUNDLE_IDENTIFIER = name.dex.TuneUITests;
				PRODUCT_NAME = "$(TARGET_NAME)";
				SWIFT_EMIT_LOC_STRINGS = NO;
				SWIFT_VERSION = 5.0;
				TARGETED_DEVICE_FAMILY = "1,2";
				TEST_TARGET_NAME = Tune;
			};
			name = Release;
		};
/* End XCBuildConfiguration section */

/* Begin XCConfigurationList section */
		EED5BEF52DEC17820085CCEF /* Build configuration list for PBXProject "Tune" */ = {
			isa = XCConfigurationList;
			buildConfigurations = (
				EED5BF192DEC17830085CCEF /* Debug */,
				EED5BF1A2DEC17830085CCEF /* Release */,
			);
			defaultConfigurationIsVisible = 0;
			defaultConfigurationName = Release;
		};
		EED5BF1B2DEC17830085CCEF /* Build configuration list for PBXNativeTarget "Tune" */ = {
			isa = XCConfigurationList;
			buildConfigurations = (
				EED5BF1C2DEC17830085CCEF /* Debug */,
				EED5BF1D2DEC17830085CCEF /* Release */,
			);
			defaultConfigurationIsVisible = 0;
			defaultConfigurationName = Release;
		};
		EED5BF1E2DEC17830085CCEF /* Build configuration list for PBXNativeTarget "TuneTests" */ = {
			isa = XCConfigurationList;
			buildConfigurations = (
				EED5BF1F2DEC17830085CCEF /* Debug */,
				EED5BF202DEC17830085CCEF /* Release */,
			);
			defaultConfigurationIsVisible = 0;
			defaultConfigurationName = Release;
		};
		EED5BF212DEC17830085CCEF /* Build configuration list for PBXNativeTarget "TuneUITests" */ = {
			isa = XCConfigurationList;
			buildConfigurations = (
				EED5BF222DEC17830085CCEF /* Debug */,
				EED5BF232DEC17830085CCEF /* Release */,
			);
			defaultConfigurationIsVisible = 0;
			defaultConfigurationName = Release;
		};
/* End XCConfigurationList section */
	};
	rootObject = EED5BEF22DEC17820085CCEF /* Project object */;
}
